// !$*UTF8*$!
{
	archiveVersion = 1;
	classes = {
	};
	objectVersion = 46;
	objects = {

/* Begin PBXBuildFile section */
		DD9876FF1CD1197F002D1BA2 /* AppDelegate.swift in Sources */ = {isa = PBXBuildFile; fileRef = DD9876FE1CD1197F002D1BA2 /* AppDelegate.swift */; };
		DD9877011CD1197F002D1BA2 /* ViewController.swift in Sources */ = {isa = PBXBuildFile; fileRef = DD9877001CD1197F002D1BA2 /* ViewController.swift */; };
		DD9877041CD1197F002D1BA2 /* Main.storyboard in Resources */ = {isa = PBXBuildFile; fileRef = DD9877021CD1197F002D1BA2 /* Main.storyboard */; };
		DD9877061CD1197F002D1BA2 /* Assets.xcassets in Resources */ = {isa = PBXBuildFile; fileRef = DD9877051CD1197F002D1BA2 /* Assets.xcassets */; };
		DD9877091CD1197F002D1BA2 /* LaunchScreen.storyboard in Resources */ = {isa = PBXBuildFile; fileRef = DD9877071CD1197F002D1BA2 /* LaunchScreen.storyboard */; };
/* End PBXBuildFile section */

/* Begin PBXFileReference section */
		DD9876FB1CD1197F002D1BA2 /* AppleViewControllers.app */ = {isa = PBXFileReference; explicitFileType = wrapper.application; includeInIndex = 0; path = AppleViewControllers.app; sourceTree = BUILT_PRODUCTS_DIR; };
		DD9876FE1CD1197F002D1BA2 /* AppDelegate.swift */ = {isa = PBXFileReference; lastKnownFileType = sourcecode.swift; path = AppDelegate.swift; sourceTree = "<group>"; };
		DD9877001CD1197F002D1BA2 /* ViewController.swift */ = {isa = PBXFileReference; lastKnownFileType = sourcecode.swift; path = ViewController.swift; sourceTree = "<group>"; };
		DD9877031CD1197F002D1BA2 /* Base */ = {isa = PBXFileReference; lastKnownFileType = file.storyboard; name = Base; path = Base.lproj/Main.storyboard; sourceTree = "<group>"; };
		DD9877051CD1197F002D1BA2 /* Assets.xcassets */ = {isa = PBXFileReference; lastKnownFileType = folder.assetcatalog; path = Assets.xcassets; sourceTree = "<group>"; };
		DD9877081CD1197F002D1BA2 /* Base */ = {isa = PBXFileReference; lastKnownFileType = file.storyboard; name = Base; path = Base.lproj/LaunchScreen.storyboard; sourceTree = "<group>"; };
		DD98770A1CD1197F002D1BA2 /* Info.plist */ = {isa = PBXFileReference; lastKnownFileType = text.plist.xml; path = Info.plist; sourceTree = "<group>"; };
/* End PBXFileReference section */

/* Begin PBXFrameworksBuildPhase section */
		DD9876F81CD1197F002D1BA2 /* Frameworks */ = {
			isa = PBXFrameworksBuildPhase;
			buildActionMask = 2147483647;
			files = (
			);
			runOnlyForDeploymentPostprocessing = 0;
		};
/* End PBXFrameworksBuildPhase section */

/* Begin PBXGroup section */
		DD9876F21CD1197F002D1BA2 = {
			isa = PBXGroup;
			children = (
				DD9876FD1CD1197F002D1BA2 /* AppleViewControllers */,
				DD9876FC1CD1197F002D1BA2 /* Products */,
			);
			sourceTree = "<group>";
		};
		DD9876FC1CD1197F002D1BA2 /* Products */ = {
			isa = PBXGroup;
			children = (
				DD9876FB1CD1197F002D1BA2 /* AppleViewControllers.app */,
			);
			name = Products;
			sourceTree = "<group>";
		};
		DD9876FD1CD1197F002D1BA2 /* AppleViewControllers */ = {
			isa = PBXGroup;
			children = (
				DD9876FE1CD1197F002D1BA2 /* AppDelegate.swift */,
				DD9877001CD1197F002D1BA2 /* ViewController.swift */,
				DD9877021CD1197F002D1BA2 /* Main.storyboard */,
				DD9877051CD1197F002D1BA2 /* Assets.xcassets */,
				DD9877071CD1197F002D1BA2 /* LaunchScreen.storyboard */,
				DD98770A1CD1197F002D1BA2 /* Info.plist */,
			);
			path = AppleViewControllers;
			sourceTree = "<group>";
		};
/* End PBXGroup section */

/* Begin PBXNativeTarget section */
		DD9876FA1CD1197F002D1BA2 /* AppleViewControllers */ = {
			isa = PBXNativeTarget;
			buildConfigurationList = DD98770D1CD1197F002D1BA2 /* Build configuration list for PBXNativeTarget "AppleViewControllers" */;
			buildPhases = (
				DD9876F71CD1197F002D1BA2 /* Sources */,
				DD9876F81CD1197F002D1BA2 /* Frameworks */,
				DD9876F91CD1197F002D1BA2 /* Resources */,
			);
			buildRules = (
			);
			dependencies = (
			);
			name = AppleViewControllers;
			productName = AppleViewControllers;
			productReference = DD9876FB1CD1197F002D1BA2 /* AppleViewControllers.app */;
			productType = "com.apple.product-type.application";
		};
/* End PBXNativeTarget section */

/* Begin PBXProject section */
		DD9876F31CD1197F002D1BA2 /* Project object */ = {
			isa = PBXProject;
			attributes = {
				LastSwiftUpdateCheck = 0730;
				LastUpgradeCheck = 0730;
				ORGANIZATIONNAME = "Parker Donat";
				TargetAttributes = {
					DD9876FA1CD1197F002D1BA2 = {
						CreatedOnToolsVersion = 7.3;
					};
				};
			};
			buildConfigurationList = DD9876F61CD1197F002D1BA2 /* Build configuration list for PBXProject "AppleViewControllers" */;
			compatibilityVersion = "Xcode 3.2";
			developmentRegion = English;
			hasScannedForEncodings = 0;
			knownRegions = (
				en,
				Base,
			);
			mainGroup = DD9876F21CD1197F002D1BA2;
			productRefGroup = DD9876FC1CD1197F002D1BA2 /* Products */;
			projectDirPath = "";
			projectRoot = "";
			targets = (
				DD9876FA1CD1197F002D1BA2 /* AppleViewControllers */,
			);
		};
/* End PBXProject section */

/* Begin PBXResourcesBuildPhase section */
		DD9876F91CD1197F002D1BA2 /* Resources */ = {
			isa = PBXResourcesBuildPhase;
			buildActionMask = 2147483647;
			files = (
				DD9877091CD1197F002D1BA2 /* LaunchScreen.storyboard in Resources */,
				DD9877061CD1197F002D1BA2 /* Assets.xcassets in Resources */,
				DD9877041CD1197F002D1BA2 /* Main.storyboard in Resources */,
			);
			runOnlyForDeploymentPostprocessing = 0;
		};
/* End PBXResourcesBuildPhase section */

/* Begin PBXSourcesBuildPhase section */
		DD9876F71CD1197F002D1BA2 /* Sources */ = {
			isa = PBXSourcesBuildPhase;
			buildActionMask = 2147483647;
			files = (
				DD9877011CD1197F002D1BA2 /* ViewController.swift in Sources */,
				DD9876FF1CD1197F002D1BA2 /* AppDelegate.swift in Sources */,
			);
			runOnlyForDeploymentPostprocessing = 0;
		};
/* End PBXSourcesBuildPhase section */

/* Begin PBXVariantGroup section */
		DD9877021CD1197F002D1BA2 /* Main.storyboard */ = {
			isa = PBXVariantGroup;
			children = (
				DD9877031CD1197F002D1BA2 /* Base */,
			);
			name = Main.storyboard;
			sourceTree = "<group>";
		};
		DD9877071CD1197F002D1BA2 /* LaunchScreen.storyboard */ = {
			isa = PBXVariantGroup;
			children = (
				DD9877081CD1197F002D1BA2 /* Base */,
			);
			name = LaunchScreen.storyboard;
			sourceTree = "<group>";
		};
/* End PBXVariantGroup section */

/* Begin XCBuildConfiguration section */
		DD98770B1CD1197F002D1BA2 /* Debug */ = {
			isa = XCBuildConfiguration;
			buildSettings = {
				ALWAYS_SEARCH_USER_PATHS = NO;
				CLANG_ANALYZER_NONNULL = YES;
				CLANG_CXX_LANGUAGE_STANDARD = "gnu++0x";
				CLANG_CXX_LIBRARY = "libc++";
				CLANG_ENABLE_MODULES = YES;
				CLANG_ENABLE_OBJC_ARC = YES;
				CLANG_WARN_BOOL_CONVERSION = YES;
				CLANG_WARN_CONSTANT_CONVERSION = YES;
				CLANG_WARN_DIRECT_OBJC_ISA_USAGE = YES_ERROR;
				CLANG_WARN_EMPTY_BODY = YES;
				CLANG_WARN_ENUM_CONVERSION = YES;
				CLANG_WARN_INT_CONVERSION = YES;
				CLANG_WARN_OBJC_ROOT_CLASS = YES_ERROR;
				CLANG_WARN_UNREACHABLE_CODE = YES;
				CLANG_WARN__DUPLICATE_METHOD_MATCH = YES;
				"CODE_SIGN_IDENTITY[sdk=iphoneos*]" = "iPhone Developer";
				COPY_PHASE_STRIP = NO;
				DEBUG_INFORMATION_FORMAT = dwarf;
				ENABLE_STRICT_OBJC_MSGSEND = YES;
				ENABLE_TESTABILITY = YES;
				GCC_C_LANGUAGE_STANDARD = gnu99;
				GCC_DYNAMIC_NO_PIC = NO;
				GCC_NO_COMMON_BLOCKS = YES;
				GCC_OPTIMIZATION_LEVEL = 0;
				GCC_PREPROCESSOR_DEFINITIONS = (
					"DEBUG=1",
					"$(inherited)",
				);
				GCC_WARN_64_TO_32_BIT_CONVERSION = YES;
				GCC_WARN_ABOUT_RETURN_TYPE = YES_ERROR;
				GCC_WARN_UNDECLARED_SELECTOR = YES;
				GCC_WARN_UNINITIALIZED_AUTOS = YES_AGGRESSIVE;
				GCC_WARN_UNUSED_FUNCTION = YES;
				GCC_WARN_UNUSED_VARIABLE = YES;
				IPHONEOS_DEPLOYMENT_TARGET = 9.3;
				MTL_ENABLE_DEBUG_INFO = YES;
				ONLY_ACTIVE_ARCH = YES;
				SDKROOT = iphoneos;
				SWIFT_OPTIMIZATION_LEVEL = "-Onone";
			};
			name = Debug;
		};
		DD98770C1CD1197F002D1BA2 /* Release */ = {
			isa = XCBuildConfiguration;
			buildSettings = {
				ALWAYS_SEARCH_USER_PATHS = NO;
				CLANG_ANALYZER_NONNULL = YES;
				CLANG_CXX_LANGUAGE_STANDARD = "gnu++0x";
				CLANG_CXX_LIBRARY = "libc++";
				CLANG_ENABLE_MODULES = YES;
				CLANG_ENABLE_OBJC_ARC = YES;
				CLANG_WARN_BOOL_CONVERSION = YES;
				CLANG_WARN_CONSTANT_CONVERSION = YES;
				CLANG_WARN_DIRECT_OBJC_ISA_USAGE = YES_ERROR;
				CLANG_WARN_EMPTY_BODY = YES;
				CLANG_WARN_ENUM_CONVERSION = YES;
				CLANG_WARN_INT_CONVERSION = YES;
				CLANG_WARN_OBJC_ROOT_CLASS = YES_ERROR;
				CLANG_WARN_UNREACHABLE_CODE = YES;
				CLANG_WARN__DUPLICATE_METHOD_MATCH = YES;
				"CODE_SIGN_IDENTITY[sdk=iphoneos*]" = "iPhone Developer";
				COPY_PHASE_STRIP = NO;
				DEBUG_INFORMATION_FORMAT = "dwarf-with-dsym";
				ENABLE_NS_ASSERTIONS = NO;
				ENABLE_STRICT_OBJC_MSGSEND = YES;
				GCC_C_LANGUAGE_STANDARD = gnu99;
				GCC_NO_COMMON_BLOCKS = YES;
				GCC_WARN_64_TO_32_BIT_CONVERSION = YES;
				GCC_WARN_ABOUT_RETURN_TYPE = YES_ERROR;
				GCC_WARN_UNDECLARED_SELECTOR = YES;
				GCC_WARN_UNINITIALIZED_AUTOS = YES_AGGRESSIVE;
				GCC_WARN_UNUSED_FUNCTION = YES;
				GCC_WARN_UNUSED_VARIABLE = YES;
				IPHONEOS_DEPLOYMENT_TARGET = 9.3;
				MTL_ENABLE_DEBUG_INFO = NO;
				SDKROOT = iphoneos;
				VALIDATE_PRODUCT = YES;
			};
			name = Release;
		};
		DD98770E1CD1197F002D1BA2 /* Debug */ = {
			isa = XCBuildConfiguration;
			buildSettings = {
				ASSETCATALOG_COMPILER_APPICON_NAME = AppIcon;
				INFOPLIST_FILE = AppleViewControllers/Info.plist;
				LD_RUNPATH_SEARCH_PATHS = "$(inherited) @executable_path/Frameworks";
				PRODUCT_BUNDLE_IDENTIFIER = com.parkerdonat.AppleViewControllers;
				PRODUCT_NAME = "$(TARGET_NAME)";
			};
			name = Debug;
		};
		DD98770F1CD1197F002D1BA2 /* Release */ = {
			isa = XCBuildConfiguration;
			buildSettings = {
				ASSETCATALOG_COMPILER_APPICON_NAME = AppIcon;
				INFOPLIST_FILE = AppleViewControllers/Info.plist;
				LD_RUNPATH_SEARCH_PATHS = "$(inherited) @executable_path/Frameworks";
				PRODUCT_BUNDLE_IDENTIFIER = com.parkerdonat.AppleViewControllers;
				PRODUCT_NAME = "$(TARGET_NAME)";
			};
			name = Release;
		};
/* End XCBuildConfiguration section */

/* Begin XCConfigurationList section */
		DD9876F61CD1197F002D1BA2 /* Build configuration list for PBXProject "AppleViewControllers" */ = {
			isa = XCConfigurationList;
			buildConfigurations = (
				DD98770B1CD1197F002D1BA2 /* Debug */,
				DD98770C1CD1197F002D1BA2 /* Release */,
			);
			defaultConfigurationIsVisible = 0;
			defaultConfigurationName = Release;
		};
		DD98770D1CD1197F002D1BA2 /* Build configuration list for PBXNativeTarget "AppleViewControllers" */ = {
			isa = XCConfigurationList;
			buildConfigurations = (
				DD98770E1CD1197F002D1BA2 /* Debug */,
				DD98770F1CD1197F002D1BA2 /* Release */,
			);
			defaultConfigurationIsVisible = 0;
		};
/* End XCConfigurationList section */
	};
	rootObject = DD9876F31CD1197F002D1BA2 /* Project object */;
}
